<?xml version="1.0" encoding="utf-8"?>
<Project ToolsVersion="4.0" xmlns="http://schemas.microsoft.com/developer/msbuild/2003">
  <ItemGroup>
    <Filter Include="源文件">
      <UniqueIdentifier>{4FC737F1-C7A5-4376-A066-2A32D752A2FF}</UniqueIdentifier>
      <Extensions>cpp;c;cc;cxx;def;odl;idl;hpj;bat;asm;asmx</Extensions>
    </Filter>
    <Filter Include="头文件">
      <UniqueIdentifier>{93995380-89BD-4b04-88EB-625FBE52EBFB}</UniqueIdentifier>
      <Extensions>h;hh;hpp;hxx;hm;inl;inc;xsd</Extensions>
    </Filter>
    <Filter Include="资源文件">
      <UniqueIdentifier>{67DA6AB6-F800-4c08-8B7A-83BB121AAD01}</UniqueIdentifier>
      <Extensions>rc;ico;cur;bmp;dlg;rc2;rct;bin;rgs;gif;jpg;jpeg;jpe;resx;tiff;tif;png;wav;mfcribbon-ms</Extensions>
    </Filter>
  </ItemGroup>
  <ItemGroup>
    <None Include="DefaultFragment.glsl">
      <Filter>资源文件</Filter>
    </None>
    <None Include="DefaultVertex.glsl">
      <Filter>资源文件</Filter>
    </None>
    <None Include="fragment.glsl">
      <Filter>资源文件</Filter>
    </None>
    <None Include="vertex.glsl">
      <Filter>资源文件</Filter>
    </None>
    <None Include="LightFragment.glsl">
      <Filter>资源文件</Filter>
    </None>
    <None Include="LightNodeFragment.glsl">
      <Filter>资源文件</Filter>
    </None>
    <None Include="LightNodeVertex.glsl">
      <Filter>资源文件</Filter>
    </None>
    <None Include="LightVertex.glsl">
      <Filter>资源文件</Filter>
    </None>
    <None Include="MaterialFragment.glsl">
      <Filter>资源文件</Filter>
    </None>
    <None Include="MaterialVertex.glsl">
      <Filter>资源文件</Filter>
    </None>
    <None Include="DiffNormMaterialFragment.glsl">
      <Filter>资源文件</Filter>
    </None>
    <None Include="DiffNormMaterialVertex.glsl">
      <Filter>资源文件</Filter>
    </None>
    <None Include="1_1BasicFragment.glsl">
      <Filter>资源文件</Filter>
    </None>
    <None Include="1_1BasicVertex.glsl">
      <Filter>资源文件</Filter>
    </None>
    <None Include="1_2ColorAnimationFragment.glsl">
      <Filter>资源文件</Filter>
    </None>
    <None Include="1_2ColorAnimationVertex.glsl">
      <Filter>资源文件</Filter>
    </None>
    <None Include="1_3EachVertexColorFragment.glsl">
      <Filter>资源文件</Filter>
    </None>
    <None Include="1_3EachVertexColorVertex.glsl">
      <Filter>资源文件</Filter>
    </None>
    <None Include="1_4TextureColorVertex.glsl">
      <Filter>资源文件</Filter>
    </None>
    <None Include="1_4TextureColorFragment.glsl">
      <Filter>资源文件</Filter>
    </None>
    <None Include="1_5MultiTextureFragment.glsl">
      <Filter>资源文件</Filter>
    </None>
    <None Include="1_5MultiTextureVertex.glsl">
      <Filter>资源文件</Filter>
    </None>
  </ItemGroup>
  <ItemGroup>
    <ClCompile Include="glad.c">
      <Filter>源文件</Filter>
    </ClCompile>
    <ClCompile Include="main.cpp">
      <Filter>源文件</Filter>
    </ClCompile>
    <ClCompile Include="TRSConfig.cpp">
      <Filter>源文件</Filter>
    </ClCompile>
    <ClCompile Include="TRSUtils.cpp">
      <Filter>源文件</Filter>
    </ClCompile>
    <ClCompile Include="TRSShader.cpp">
      <Filter>源文件</Filter>
    </ClCompile>
    <ClCompile Include="TRSCamera.cpp">
      <Filter>源文件</Filter>
    </ClCompile>
    <ClCompile Include="TRSResource.cpp">
      <Filter>源文件</Filter>
    </ClCompile>
    <ClCompile Include="TRSTexture.cpp">
      <Filter>源文件</Filter>
    </ClCompile>
    <ClCompile Include="TRSVAO.cpp">
      <Filter>源文件</Filter>
    </ClCompile>
    <ClCompile Include="TRSCallBackFunc.cpp">
      <Filter>源文件</Filter>
    </ClCompile>
    <ClCompile Include="TRSNode.cpp">
      <Filter>源文件</Filter>
    </ClCompile>
    <ClCompile Include="TRSGroup.cpp">
      <Filter>源文件</Filter>
    </ClCompile>
    <ClCompile Include="TRSGeode.cpp">
      <Filter>源文件</Filter>
    </ClCompile>
    <ClCompile Include="TRSStateSet.cpp">
      <Filter>源文件</Filter>
    </ClCompile>
    <ClCompile Include="TRSViewer.cpp">
      <Filter>源文件</Filter>
    </ClCompile>
    <ClCompile Include="NodeVisitor.cpp">
      <Filter>源文件</Filter>
    </ClCompile>
    <ClCompile Include="CullVisitor.cpp">
      <Filter>源文件</Filter>
    </ClCompile>
    <ClCompile Include="AllDemoCodes.cpp">
      <Filter>源文件</Filter>
    </ClCompile>
  </ItemGroup>
  <ItemGroup>
    <ClInclude Include="stb_image.h">
      <Filter>头文件</Filter>
    </ClInclude>
    <ClInclude Include="TRSConfig.h">
      <Filter>头文件</Filter>
    </ClInclude>
    <ClInclude Include="TRSUtils.h">
      <Filter>头文件</Filter>
    </ClInclude>
    <ClInclude Include="TRSShader.h">
      <Filter>头文件</Filter>
    </ClInclude>
    <ClInclude Include="TRSCamera.h">
      <Filter>头文件</Filter>
    </ClInclude>
    <ClInclude Include="TRSResource.h">
      <Filter>头文件</Filter>
    </ClInclude>
    <ClInclude Include="TRSTexture.h">
      <Filter>头文件</Filter>
    </ClInclude>
    <ClInclude Include="TRSExport.h">
      <Filter>头文件</Filter>
    </ClInclude>
    <ClInclude Include="TRSVAO.h">
      <Filter>头文件</Filter>
    </ClInclude>
    <ClInclude Include="TRSConst.h">
      <Filter>头文件</Filter>
    </ClInclude>
    <ClInclude Include="TRSCallBackFunc.h">
      <Filter>头文件</Filter>
    </ClInclude>
    <ClInclude Include="TRSNode.h">
      <Filter>头文件</Filter>
    </ClInclude>
    <ClInclude Include="TRSGroup.h">
      <Filter>头文件</Filter>
    </ClInclude>
    <ClInclude Include="TRSGeode.h">
      <Filter>头文件</Filter>
    </ClInclude>
    <ClInclude Include="TRSStateSet.h">
      <Filter>头文件</Filter>
    </ClInclude>
    <ClInclude Include="TRSViewer.h">
      <Filter>头文件</Filter>
    </ClInclude>
    <ClInclude Include="NodeVisitor.h">
      <Filter>头文件</Filter>
    </ClInclude>
    <ClInclude Include="CullVisitor.h">
      <Filter>头文件</Filter>
    </ClInclude>
    <ClInclude Include="AllDemoCodes.h">
      <Filter>头文件</Filter>
    </ClInclude>
  </ItemGroup>
</Project>